
Microsoft Visual Studio Solution File, Format Version 12.00
# Visual Studio Version 17
VisualStudioVersion = 17.11.35312.102
MinimumVisualStudioVersion = 10.0.40219.1
Project("{FAE04EC0-301F-11D3-BF4B-00C04F79EFBC}") = "poka", "poka.csproj", "{A33967D8-8ED7-4AAC-A93B-3924E30AE003}"
EndProject
Global
	GlobalSection(SolutionConfigurationPlatforms) = preSolution
		Debug|Any CPU = Debug|Any CPU
		Release|Any CPU = Release|Any CPU
	EndGlobalSection
	GlobalSection(ProjectConfigurationPlatforms) = postSolution
		{A33967D8-8ED7-4AAC-A93B-3924E30AE003}.Debug|Any CPU.ActiveCfg = Debug|Any CPU
		{A33967D8-8ED7-4AAC-A93B-3924E30AE003}.Debug|Any CPU.Build.0 = Debug|Any CPU
		{A33967D8-8ED7-4AAC-A93B-3924E30AE003}.Release|Any CPU.ActiveCfg = Release|Any CPU
		{A33967D8-8ED7-4AAC-A93B-3924E30AE003}.Release|Any CPU.Build.0 = Release|Any CPU
	EndGlobalSection
	GlobalSection(SolutionProperties) = preSolution
		HideSolutionNode = FALSE
	EndGlobalSection
	GlobalSection(ExtensibilityGlobals) = postSolution
		SolutionGuid = {206379EE-4352-4486-B34C-BF8F8BB82F1B}
	EndGlobalSection
EndGlobal
